
Microsoft Visual Studio Solution File, Format Version 12.00
# Visual Studio Version 17
VisualStudioVersion = 17.2.32526.322
MinimumVisualStudioVersion = 10.0.40219.1
Project("{FAE04EC0-301F-11D3-BF4B-00C04F79EFBC}") = "ShopOnline.Web", "ShopOnline.Web\ShopOnline.Web.csproj", "{32038268-6E78-42D0-8C10-DD39EB6FA6D0}"
EndProject
Project("{FAE04EC0-301F-11D3-BF4B-00C04F79EFBC}") = "ShopOnline.Api", "ShopOnline.Api\ShopOnline.Api.csproj", "{31203892-1585-4516-9428-BF1CAD0ED906}"
EndProject
Global
	GlobalSection(SolutionConfigurationPlatforms) = preSolution
		Debug|Any CPU = Debug|Any CPU
		Release|Any CPU = Release|Any CPU
	EndGlobalSection
	GlobalSection(ProjectConfigurationPlatforms) = postSolution
		{32038268-6E78-42D0-8C10-DD39EB6FA6D0}.Debug|Any CPU.ActiveCfg = Debug|Any CPU
		{32038268-6E78-42D0-8C10-DD39EB6FA6D0}.Debug|Any CPU.Build.0 = Debug|Any CPU
		{32038268-6E78-42D0-8C10-DD39EB6FA6D0}.Release|Any CPU.ActiveCfg = Release|Any CPU
		{32038268-6E78-42D0-8C10-DD39EB6FA6D0}.Release|Any CPU.Build.0 = Release|Any CPU
		{31203892-1585-4516-9428-BF1CAD0ED906}.Debug|Any CPU.ActiveCfg = Debug|Any CPU
		{31203892-1585-4516-9428-BF1CAD0ED906}.Debug|Any CPU.Build.0 = Debug|Any CPU
		{31203892-1585-4516-9428-BF1CAD0ED906}.Release|Any CPU.ActiveCfg = Release|Any CPU
		{31203892-1585-4516-9428-BF1CAD0ED906}.Release|Any CPU.Build.0 = Release|Any CPU
	EndGlobalSection
	GlobalSection(SolutionProperties) = preSolution
		HideSolutionNode = FALSE
	EndGlobalSection
	GlobalSection(ExtensibilityGlobals) = postSolution
		SolutionGuid = {1E2C5A22-5180-432F-B102-62CDEBBFF6BF}
	EndGlobalSection
EndGlobal
